
Microsoft Visual Studio Solution File, Format Version 12.00
# Visual Studio Version 17
VisualStudioVersion = 17.6.33815.320
MinimumVisualStudioVersion = 10.0.40219.1
Project("{FAE04EC0-301F-11D3-BF4B-00C04F79EFBC}") = "OrdenesTrabajoApp", "OrdenesTrabajoApp\OrdenesTrabajoApp.csproj", "{39ECEC8A-64A5-4E87-88C8-DB07CD82C09D}"
EndProject
Global
	GlobalSection(SolutionConfigurationPlatforms) = preSolution
		Debug|Any CPU = Debug|Any CPU
		Release|Any CPU = Release|Any CPU
	EndGlobalSection
	GlobalSection(ProjectConfigurationPlatforms) = postSolution
		{39ECEC8A-64A5-4E87-88C8-DB07CD82C09D}.Debug|Any CPU.ActiveCfg = Debug|Any CPU
		{39ECEC8A-64A5-4E87-88C8-DB07CD82C09D}.Debug|Any CPU.Build.0 = Debug|Any CPU
		{39ECEC8A-64A5-4E87-88C8-DB07CD82C09D}.Release|Any CPU.ActiveCfg = Release|Any CPU
		{39ECEC8A-64A5-4E87-88C8-DB07CD82C09D}.Release|Any CPU.Build.0 = Release|Any CPU
	EndGlobalSection
	GlobalSection(SolutionProperties) = preSolution
		HideSolutionNode = FALSE
	EndGlobalSection
	GlobalSection(ExtensibilityGlobals) = postSolution
		SolutionGuid = {4ACA0313-9682-4908-925E-529135BDDCC5}
	EndGlobalSection
EndGlobal
